
Microsoft Visual Studio Solution File, Format Version 12.00
# Visual Studio Version 16
VisualStudioVersion = 16.0.29806.167
MinimumVisualStudioVersion = 10.0.40219.1
Project("{FAE04EC0-301F-11D3-BF4B-00C04F79EFBC}") = "cSharpSerializer", "cSharpSerializer.csproj", "{B91B35B9-7896-400A-9616-A081EC070113}"
EndProject
Global
	GlobalSection(SolutionConfigurationPlatforms) = preSolution
		Debug|Any CPU = Debug|Any CPU
		Release|Any CPU = Release|Any CPU
	EndGlobalSection
	GlobalSection(ProjectConfigurationPlatforms) = postSolution
		{B91B35B9-7896-400A-9616-A081EC070113}.Debug|Any CPU.ActiveCfg = Debug|Any CPU
		{B91B35B9-7896-400A-9616-A081EC070113}.Debug|Any CPU.Build.0 = Debug|Any CPU
		{B91B35B9-7896-400A-9616-A081EC070113}.Release|Any CPU.ActiveCfg = Release|Any CPU
		{B91B35B9-7896-400A-9616-A081EC070113}.Release|Any CPU.Build.0 = Release|Any CPU
	EndGlobalSection
	GlobalSection(SolutionProperties) = preSolution
		HideSolutionNode = FALSE
	EndGlobalSection
	GlobalSection(ExtensibilityGlobals) = postSolution
		SolutionGuid = {D536F90A-4EF3-4AF4-87F6-D81DC0F71B88}
	EndGlobalSection
EndGlobal
